
Microsoft Visual Studio Solution File, Format Version 12.00
# Visual Studio 2013
VisualStudioVersion = 12.0.30723.0
MinimumVisualStudioVersion = 10.0.40219.1
Project("{FAE04EC0-301F-11D3-BF4B-00C04F79EFBC}") = "Comp397-Lesson01-Part02", "Comp397-Lesson01-Part02\Comp397-Lesson01-Part02.csproj", "{810055BC-2E11-407F-9FA0-CB769B517278}"
EndProject
Global
	GlobalSection(SolutionConfigurationPlatforms) = preSolution
		Debug|Any CPU = Debug|Any CPU
		Release|Any CPU = Release|Any CPU
	EndGlobalSection
	GlobalSection(ProjectConfigurationPlatforms) = postSolution
		{810055BC-2E11-407F-9FA0-CB769B517278}.Debug|Any CPU.ActiveCfg = Debug|Any CPU
		{810055BC-2E11-407F-9FA0-CB769B517278}.Debug|Any CPU.Build.0 = Debug|Any CPU
		{810055BC-2E11-407F-9FA0-CB769B517278}.Release|Any CPU.ActiveCfg = Release|Any CPU
		{810055BC-2E11-407F-9FA0-CB769B517278}.Release|Any CPU.Build.0 = Release|Any CPU
	EndGlobalSection
	GlobalSection(SolutionProperties) = preSolution
		HideSolutionNode = FALSE
	EndGlobalSection
EndGlobal
